
Microsoft Visual Studio Solution File, Format Version 12.00
# Visual Studio 15
VisualStudioVersion = 15.0.28307.1340
MinimumVisualStudioVersion = 10.0.40219.1
Project("{FAE04EC0-301F-11D3-BF4B-00C04F79EFBC}") = "CochesCutres", "CochesCutres\CochesCutres.csproj", "{2895B096-FA4C-48B8-850E-4C296A52AD1B}"
EndProject
Global
	GlobalSection(SolutionConfigurationPlatforms) = preSolution
		Debug|Any CPU = Debug|Any CPU
		Release|Any CPU = Release|Any CPU
	EndGlobalSection
	GlobalSection(ProjectConfigurationPlatforms) = postSolution
		{2895B096-FA4C-48B8-850E-4C296A52AD1B}.Debug|Any CPU.ActiveCfg = Debug|Any CPU
		{2895B096-FA4C-48B8-850E-4C296A52AD1B}.Debug|Any CPU.Build.0 = Debug|Any CPU
		{2895B096-FA4C-48B8-850E-4C296A52AD1B}.Release|Any CPU.ActiveCfg = Release|Any CPU
		{2895B096-FA4C-48B8-850E-4C296A52AD1B}.Release|Any CPU.Build.0 = Release|Any CPU
	EndGlobalSection
	GlobalSection(SolutionProperties) = preSolution
		HideSolutionNode = FALSE
	EndGlobalSection
	GlobalSection(ExtensibilityGlobals) = postSolution
		SolutionGuid = {85174993-87FF-4337-A0DA-B94DD312A9BA}
	EndGlobalSection
EndGlobal
